
Microsoft Visual Studio Solution File, Format Version 12.00
# Visual Studio Version 17
VisualStudioVersion = 17.5.002.0
MinimumVisualStudioVersion = 10.0.40219.1
Project("{9A19103F-16F7-4668-BE54-9A1E7A4F7556}") = "CS-Learning-Projects", "CS-Learning-Projects.csproj", "{75BD0F86-2DE7-48F7-9CE9-DE03A7BDFCCA}"
EndProject
Global
	GlobalSection(SolutionConfigurationPlatforms) = preSolution
		Debug|Any CPU = Debug|Any CPU
		Release|Any CPU = Release|Any CPU
	EndGlobalSection
	GlobalSection(ProjectConfigurationPlatforms) = postSolution
		{75BD0F86-2DE7-48F7-9CE9-DE03A7BDFCCA}.Debug|Any CPU.ActiveCfg = Debug|Any CPU
		{75BD0F86-2DE7-48F7-9CE9-DE03A7BDFCCA}.Debug|Any CPU.Build.0 = Debug|Any CPU
		{75BD0F86-2DE7-48F7-9CE9-DE03A7BDFCCA}.Release|Any CPU.ActiveCfg = Release|Any CPU
		{75BD0F86-2DE7-48F7-9CE9-DE03A7BDFCCA}.Release|Any CPU.Build.0 = Release|Any CPU
	EndGlobalSection
	GlobalSection(SolutionProperties) = preSolution
		HideSolutionNode = FALSE
	EndGlobalSection
	GlobalSection(ExtensibilityGlobals) = postSolution
		SolutionGuid = {282CF758-6063-4B3A-BD8B-9B9119EFD29D}
	EndGlobalSection
EndGlobal
